
Microsoft Visual Studio Solution File, Format Version 12.00
# Visual Studio Version 16
VisualStudioVersion = 16.0.29911.84
MinimumVisualStudioVersion = 10.0.40219.1
Project("{FAE04EC0-301F-11D3-BF4B-00C04F79EFBC}") = "lab8.4", "lab8.4\lab8.4.csproj", "{6ACDB8BA-1854-4E05-9A48-66F626C970BF}"
EndProject
Global
	GlobalSection(SolutionConfigurationPlatforms) = preSolution
		Debug|Any CPU = Debug|Any CPU
		Release|Any CPU = Release|Any CPU
	EndGlobalSection
	GlobalSection(ProjectConfigurationPlatforms) = postSolution
		{6ACDB8BA-1854-4E05-9A48-66F626C970BF}.Debug|Any CPU.ActiveCfg = Debug|Any CPU
		{6ACDB8BA-1854-4E05-9A48-66F626C970BF}.Debug|Any CPU.Build.0 = Debug|Any CPU
		{6ACDB8BA-1854-4E05-9A48-66F626C970BF}.Release|Any CPU.ActiveCfg = Release|Any CPU
		{6ACDB8BA-1854-4E05-9A48-66F626C970BF}.Release|Any CPU.Build.0 = Release|Any CPU
	EndGlobalSection
	GlobalSection(SolutionProperties) = preSolution
		HideSolutionNode = FALSE
	EndGlobalSection
	GlobalSection(ExtensibilityGlobals) = postSolution
		SolutionGuid = {236CC4E8-89F5-4147-948D-E92D7D1F967C}
	EndGlobalSection
EndGlobal
