
Microsoft Visual Studio Solution File, Format Version 12.00
# Visual Studio Version 16
VisualStudioVersion = 16.0.29911.84
MinimumVisualStudioVersion = 10.0.40219.1
Project("{FAE04EC0-301F-11D3-BF4B-00C04F79EFBC}") = "lab4.2", "lab4.2\lab4.2.csproj", "{4E100B88-56D3-469F-B38A-AFBF2A0E10A4}"
EndProject
Global
	GlobalSection(SolutionConfigurationPlatforms) = preSolution
		Debug|Any CPU = Debug|Any CPU
		Release|Any CPU = Release|Any CPU
	EndGlobalSection
	GlobalSection(ProjectConfigurationPlatforms) = postSolution
		{4E100B88-56D3-469F-B38A-AFBF2A0E10A4}.Debug|Any CPU.ActiveCfg = Debug|Any CPU
		{4E100B88-56D3-469F-B38A-AFBF2A0E10A4}.Debug|Any CPU.Build.0 = Debug|Any CPU
		{4E100B88-56D3-469F-B38A-AFBF2A0E10A4}.Release|Any CPU.ActiveCfg = Release|Any CPU
		{4E100B88-56D3-469F-B38A-AFBF2A0E10A4}.Release|Any CPU.Build.0 = Release|Any CPU
	EndGlobalSection
	GlobalSection(SolutionProperties) = preSolution
		HideSolutionNode = FALSE
	EndGlobalSection
	GlobalSection(ExtensibilityGlobals) = postSolution
		SolutionGuid = {B93357F5-C918-4D2C-B606-A350E8E5209E}
	EndGlobalSection
EndGlobal
