
Microsoft Visual Studio Solution File, Format Version 12.00
# Visual Studio Version 16
VisualStudioVersion = 16.0.29911.84
MinimumVisualStudioVersion = 10.0.40219.1
Project("{FAE04EC0-301F-11D3-BF4B-00C04F79EFBC}") = "lab6.1", "lab6.1\lab6.1.csproj", "{8B2EB9FC-5B16-443B-A0F2-87D7B2598C12}"
EndProject
Global
	GlobalSection(SolutionConfigurationPlatforms) = preSolution
		Debug|Any CPU = Debug|Any CPU
		Release|Any CPU = Release|Any CPU
	EndGlobalSection
	GlobalSection(ProjectConfigurationPlatforms) = postSolution
		{8B2EB9FC-5B16-443B-A0F2-87D7B2598C12}.Debug|Any CPU.ActiveCfg = Debug|Any CPU
		{8B2EB9FC-5B16-443B-A0F2-87D7B2598C12}.Debug|Any CPU.Build.0 = Debug|Any CPU
		{8B2EB9FC-5B16-443B-A0F2-87D7B2598C12}.Release|Any CPU.ActiveCfg = Release|Any CPU
		{8B2EB9FC-5B16-443B-A0F2-87D7B2598C12}.Release|Any CPU.Build.0 = Release|Any CPU
	EndGlobalSection
	GlobalSection(SolutionProperties) = preSolution
		HideSolutionNode = FALSE
	EndGlobalSection
	GlobalSection(ExtensibilityGlobals) = postSolution
		SolutionGuid = {AF8AED80-686C-4538-9F60-CA51ECF42E66}
	EndGlobalSection
EndGlobal
